
Microsoft Visual Studio Solution File, Format Version 12.00
# Visual Studio Version 17
VisualStudioVersion = 17.0.31612.314
MinimumVisualStudioVersion = 10.0.40219.1
Project("{9A19103F-16F7-4668-BE54-9A1E7A4F7556}") = "Havunen.Raygun4Net.Net5.Common", "Mindscape.Raygun4Net.NetCore.Common\Havunen.Raygun4Net.Net5.Common.csproj", "{665ED35A-BA7F-4222-87A5-F612F1C2CBC5}"
EndProject
Project("{9A19103F-16F7-4668-BE54-9A1E7A4F7556}") = "Havunen.Raygun4Net.Net5", "Mindscape.Raygun4Net.AspNetCore\Havunen.Raygun4Net.Net5.csproj", "{60FCAC1C-A874-4CCF-B722-508EB62DC798}"
EndProject
Global
	GlobalSection(SolutionConfigurationPlatforms) = preSolution
		Debug|Any CPU = Debug|Any CPU
		Release|Any CPU = Release|Any CPU
	EndGlobalSection
	GlobalSection(ProjectConfigurationPlatforms) = postSolution
		{665ED35A-BA7F-4222-87A5-F612F1C2CBC5}.Debug|Any CPU.ActiveCfg = Debug|Any CPU
		{665ED35A-BA7F-4222-87A5-F612F1C2CBC5}.Debug|Any CPU.Build.0 = Debug|Any CPU
		{665ED35A-BA7F-4222-87A5-F612F1C2CBC5}.Release|Any CPU.ActiveCfg = Release|Any CPU
		{665ED35A-BA7F-4222-87A5-F612F1C2CBC5}.Release|Any CPU.Build.0 = Release|Any CPU
		{60FCAC1C-A874-4CCF-B722-508EB62DC798}.Debug|Any CPU.ActiveCfg = Debug|Any CPU
		{60FCAC1C-A874-4CCF-B722-508EB62DC798}.Debug|Any CPU.Build.0 = Debug|Any CPU
		{60FCAC1C-A874-4CCF-B722-508EB62DC798}.Release|Any CPU.ActiveCfg = Release|Any CPU
		{60FCAC1C-A874-4CCF-B722-508EB62DC798}.Release|Any CPU.Build.0 = Release|Any CPU
	EndGlobalSection
	GlobalSection(SolutionProperties) = preSolution
		HideSolutionNode = FALSE
	EndGlobalSection
	GlobalSection(ExtensibilityGlobals) = postSolution
		SolutionGuid = {3F896B59-DB81-4A43-95B7-359E16A5C928}
	EndGlobalSection
EndGlobal
